
Microsoft Visual Studio Solution File, Format Version 12.00
# Visual Studio 2013
VisualStudioVersion = 12.0.21005.1
MinimumVisualStudioVersion = 10.0.40219.1
Project("{FAE04EC0-301F-11D3-BF4B-00C04F79EFBC}") = "EASYUITest", "EASYUITest\EASYUITest.csproj", "{14881C52-2C61-40EF-A26A-0A30102E4F79}"
EndProject
Project("{FAE04EC0-301F-11D3-BF4B-00C04F79EFBC}") = "Tools", "Tools\Tools.csproj", "{C226EB35-39E0-40AB-BEDC-11974082F087}"
EndProject
Project("{FAE04EC0-301F-11D3-BF4B-00C04F79EFBC}") = "DllTest", "DllTest\DllTest.csproj", "{FAD2444F-39F3-492B-8563-CE386E023201}"
EndProject
Project("{FAE04EC0-301F-11D3-BF4B-00C04F79EFBC}") = "BLL", "BLL\BLL.csproj", "{3399AF27-2AF3-42C9-9879-4FDCBBC293F8}"
EndProject
Project("{FAE04EC0-301F-11D3-BF4B-00C04F79EFBC}") = "Model", "Model\Model.csproj", "{C71D3D88-F343-4633-973E-0768FCB5E009}"
EndProject
Global
	GlobalSection(SolutionConfigurationPlatforms) = preSolution
		Debug|Any CPU = Debug|Any CPU
		Release|Any CPU = Release|Any CPU
	EndGlobalSection
	GlobalSection(ProjectConfigurationPlatforms) = postSolution
		{14881C52-2C61-40EF-A26A-0A30102E4F79}.Debug|Any CPU.ActiveCfg = Debug|Any CPU
		{14881C52-2C61-40EF-A26A-0A30102E4F79}.Debug|Any CPU.Build.0 = Debug|Any CPU
		{14881C52-2C61-40EF-A26A-0A30102E4F79}.Release|Any CPU.ActiveCfg = Release|Any CPU
		{14881C52-2C61-40EF-A26A-0A30102E4F79}.Release|Any CPU.Build.0 = Release|Any CPU
		{C226EB35-39E0-40AB-BEDC-11974082F087}.Debug|Any CPU.ActiveCfg = Debug|Any CPU
		{C226EB35-39E0-40AB-BEDC-11974082F087}.Debug|Any CPU.Build.0 = Debug|Any CPU
		{C226EB35-39E0-40AB-BEDC-11974082F087}.Release|Any CPU.ActiveCfg = Release|Any CPU
		{C226EB35-39E0-40AB-BEDC-11974082F087}.Release|Any CPU.Build.0 = Release|Any CPU
		{FAD2444F-39F3-492B-8563-CE386E023201}.Debug|Any CPU.ActiveCfg = Debug|Any CPU
		{FAD2444F-39F3-492B-8563-CE386E023201}.Debug|Any CPU.Build.0 = Debug|Any CPU
		{FAD2444F-39F3-492B-8563-CE386E023201}.Release|Any CPU.ActiveCfg = Release|Any CPU
		{FAD2444F-39F3-492B-8563-CE386E023201}.Release|Any CPU.Build.0 = Release|Any CPU
		{3399AF27-2AF3-42C9-9879-4FDCBBC293F8}.Debug|Any CPU.ActiveCfg = Debug|Any CPU
		{3399AF27-2AF3-42C9-9879-4FDCBBC293F8}.Debug|Any CPU.Build.0 = Debug|Any CPU
		{3399AF27-2AF3-42C9-9879-4FDCBBC293F8}.Release|Any CPU.ActiveCfg = Release|Any CPU
		{3399AF27-2AF3-42C9-9879-4FDCBBC293F8}.Release|Any CPU.Build.0 = Release|Any CPU
		{C71D3D88-F343-4633-973E-0768FCB5E009}.Debug|Any CPU.ActiveCfg = Debug|Any CPU
		{C71D3D88-F343-4633-973E-0768FCB5E009}.Debug|Any CPU.Build.0 = Debug|Any CPU
		{C71D3D88-F343-4633-973E-0768FCB5E009}.Release|Any CPU.ActiveCfg = Release|Any CPU
		{C71D3D88-F343-4633-973E-0768FCB5E009}.Release|Any CPU.Build.0 = Release|Any CPU
	EndGlobalSection
	GlobalSection(SolutionProperties) = preSolution
		HideSolutionNode = FALSE
	EndGlobalSection
EndGlobal
